
Microsoft Visual Studio Solution File, Format Version 12.00
# Visual Studio Version 17
VisualStudioVersion = 17.1.32407.343
MinimumVisualStudioVersion = 10.0.40219.1
Project("{8BC9CEB8-8B4A-11D0-8D11-00A0C91BC942}") = "顺序栈项目", "顺序栈项目\顺序栈项目.vcxproj", "{44F9F515-83C3-40B1-A829-73BDF1E2D8B1}"
EndProject
Global
	GlobalSection(SolutionConfigurationPlatforms) = preSolution
		Debug|x64 = Debug|x64
		Debug|x86 = Debug|x86
		Release|x64 = Release|x64
		Release|x86 = Release|x86
	EndGlobalSection
	GlobalSection(ProjectConfigurationPlatforms) = postSolution
		{44F9F515-83C3-40B1-A829-73BDF1E2D8B1}.Debug|x64.ActiveCfg = Debug|x64
		{44F9F515-83C3-40B1-A829-73BDF1E2D8B1}.Debug|x64.Build.0 = Debug|x64
		{44F9F515-83C3-40B1-A829-73BDF1E2D8B1}.Debug|x86.ActiveCfg = Debug|Win32
		{44F9F515-83C3-40B1-A829-73BDF1E2D8B1}.Debug|x86.Build.0 = Debug|Win32
		{44F9F515-83C3-40B1-A829-73BDF1E2D8B1}.Release|x64.ActiveCfg = Release|x64
		{44F9F515-83C3-40B1-A829-73BDF1E2D8B1}.Release|x64.Build.0 = Release|x64
		{44F9F515-83C3-40B1-A829-73BDF1E2D8B1}.Release|x86.ActiveCfg = Release|Win32
		{44F9F515-83C3-40B1-A829-73BDF1E2D8B1}.Release|x86.Build.0 = Release|Win32
	EndGlobalSection
	GlobalSection(SolutionProperties) = preSolution
		HideSolutionNode = FALSE
	EndGlobalSection
	GlobalSection(ExtensibilityGlobals) = postSolution
		SolutionGuid = {1FD6F1C5-C8B9-4B59-835E-2718BC23CC4B}
	EndGlobalSection
EndGlobal
